
Microsoft Visual Studio Solution File, Format Version 12.00
# Visual Studio Version 17
VisualStudioVersion = 17.13.35931.197
MinimumVisualStudioVersion = 10.0.40219.1
Project("{FAE04EC0-301F-11D3-BF4B-00C04F79EFBC}") = "WebApplication1", "WebApplication1\WebApplication1.csproj", "{1EF7E1DE-0FAC-45BC-A95F-8A569F96DA76}"
EndProject
Project("{FAE04EC0-301F-11D3-BF4B-00C04F79EFBC}") = "Data", "Data\Data.csproj", "{B0ACD462-0C01-4070-985D-271756EE5A43}"
EndProject
Project("{FAE04EC0-301F-11D3-BF4B-00C04F79EFBC}") = "Application.Services", "Application.Services\Application.Services.csproj", "{8BB73CCF-44CA-4EA7-8E4F-54E396C129E0}"
EndProject
Project("{FAE04EC0-301F-11D3-BF4B-00C04F79EFBC}") = "Domain.Model", "Domain.Model\Domain.Model.csproj", "{34EDE3CB-3273-4020-BE2C-4D4959F61303}"
EndProject
Project("{FAE04EC0-301F-11D3-BF4B-00C04F79EFBC}") = "DTOs", "DTOs\DTOs.csproj", "{981F3C35-3AB5-40C9-A947-EF7B36851588}"
EndProject
Project("{FAE04EC0-301F-11D3-BF4B-00C04F79EFBC}") = "WindowsForms", "WindowsForms\WindowsForms.csproj", "{67D25453-3C69-48BE-9FB4-6A4A73CF8587}"
EndProject
Project("{FAE04EC0-301F-11D3-BF4B-00C04F79EFBC}") = "WinFormsControlLibrary1", "WinFormsControlLibrary1\WinFormsControlLibrary1.csproj", "{8187A1D1-EFCC-4C1E-85BE-99D0E7BE62EB}"
EndProject
Project("{FAE04EC0-301F-11D3-BF4B-00C04F79EFBC}") = "BlazorApp", "BlazorApp\BlazorApp.csproj", "{92B4957A-74E1-46B5-988E-2F3C32162E87}"
EndProject
Global
	GlobalSection(SolutionConfigurationPlatforms) = preSolution
		Debug|Any CPU = Debug|Any CPU
		Release|Any CPU = Release|Any CPU
	EndGlobalSection
	GlobalSection(ProjectConfigurationPlatforms) = postSolution
		{1EF7E1DE-0FAC-45BC-A95F-8A569F96DA76}.Debug|Any CPU.ActiveCfg = Debug|Any CPU
		{1EF7E1DE-0FAC-45BC-A95F-8A569F96DA76}.Debug|Any CPU.Build.0 = Debug|Any CPU
		{1EF7E1DE-0FAC-45BC-A95F-8A569F96DA76}.Release|Any CPU.ActiveCfg = Release|Any CPU
		{1EF7E1DE-0FAC-45BC-A95F-8A569F96DA76}.Release|Any CPU.Build.0 = Release|Any CPU
		{B0ACD462-0C01-4070-985D-271756EE5A43}.Debug|Any CPU.ActiveCfg = Debug|Any CPU
		{B0ACD462-0C01-4070-985D-271756EE5A43}.Debug|Any CPU.Build.0 = Debug|Any CPU
		{B0ACD462-0C01-4070-985D-271756EE5A43}.Release|Any CPU.ActiveCfg = Release|Any CPU
		{B0ACD462-0C01-4070-985D-271756EE5A43}.Release|Any CPU.Build.0 = Release|Any CPU
		{8BB73CCF-44CA-4EA7-8E4F-54E396C129E0}.Debug|Any CPU.ActiveCfg = Debug|Any CPU
		{8BB73CCF-44CA-4EA7-8E4F-54E396C129E0}.Debug|Any CPU.Build.0 = Debug|Any CPU
		{8BB73CCF-44CA-4EA7-8E4F-54E396C129E0}.Release|Any CPU.ActiveCfg = Release|Any CPU
		{8BB73CCF-44CA-4EA7-8E4F-54E396C129E0}.Release|Any CPU.Build.0 = Release|Any CPU
		{34EDE3CB-3273-4020-BE2C-4D4959F61303}.Debug|Any CPU.ActiveCfg = Debug|Any CPU
		{34EDE3CB-3273-4020-BE2C-4D4959F61303}.Debug|Any CPU.Build.0 = Debug|Any CPU
		{34EDE3CB-3273-4020-BE2C-4D4959F61303}.Release|Any CPU.ActiveCfg = Release|Any CPU
		{34EDE3CB-3273-4020-BE2C-4D4959F61303}.Release|Any CPU.Build.0 = Release|Any CPU
		{981F3C35-3AB5-40C9-A947-EF7B36851588}.Debug|Any CPU.ActiveCfg = Debug|Any CPU
		{981F3C35-3AB5-40C9-A947-EF7B36851588}.Debug|Any CPU.Build.0 = Debug|Any CPU
		{981F3C35-3AB5-40C9-A947-EF7B36851588}.Release|Any CPU.ActiveCfg = Release|Any CPU
		{981F3C35-3AB5-40C9-A947-EF7B36851588}.Release|Any CPU.Build.0 = Release|Any CPU
		{67D25453-3C69-48BE-9FB4-6A4A73CF8587}.Debug|Any CPU.ActiveCfg = Debug|Any CPU
		{67D25453-3C69-48BE-9FB4-6A4A73CF8587}.Debug|Any CPU.Build.0 = Debug|Any CPU
		{67D25453-3C69-48BE-9FB4-6A4A73CF8587}.Release|Any CPU.ActiveCfg = Release|Any CPU
		{67D25453-3C69-48BE-9FB4-6A4A73CF8587}.Release|Any CPU.Build.0 = Release|Any CPU
		{8187A1D1-EFCC-4C1E-85BE-99D0E7BE62EB}.Debug|Any CPU.ActiveCfg = Debug|Any CPU
		{8187A1D1-EFCC-4C1E-85BE-99D0E7BE62EB}.Debug|Any CPU.Build.0 = Debug|Any CPU
		{8187A1D1-EFCC-4C1E-85BE-99D0E7BE62EB}.Release|Any CPU.ActiveCfg = Release|Any CPU
		{8187A1D1-EFCC-4C1E-85BE-99D0E7BE62EB}.Release|Any CPU.Build.0 = Release|Any CPU
		{92B4957A-74E1-46B5-988E-2F3C32162E87}.Debug|Any CPU.ActiveCfg = Debug|Any CPU
		{92B4957A-74E1-46B5-988E-2F3C32162E87}.Debug|Any CPU.Build.0 = Debug|Any CPU
		{92B4957A-74E1-46B5-988E-2F3C32162E87}.Release|Any CPU.ActiveCfg = Release|Any CPU
		{92B4957A-74E1-46B5-988E-2F3C32162E87}.Release|Any CPU.Build.0 = Release|Any CPU
	EndGlobalSection
	GlobalSection(SolutionProperties) = preSolution
		HideSolutionNode = FALSE
	EndGlobalSection
	GlobalSection(ExtensibilityGlobals) = postSolution
		SolutionGuid = {4C3C2D49-C467-4D53-AE38-2062AC75035E}
	EndGlobalSection
EndGlobal
