
Microsoft Visual Studio Solution File, Format Version 12.00
# Visual Studio Version 17
VisualStudioVersion = 17.13.35931.197 d17.13
MinimumVisualStudioVersion = 10.0.40219.1
Project("{FAE04EC0-301F-11D3-BF4B-00C04F79EFBC}") = "WebApplication", "WebApplication\WebApplication.csproj", "{0418767C-6EC4-4677-8191-DB2566F05833}"
EndProject
Global
	GlobalSection(SolutionConfigurationPlatforms) = preSolution
		Debug|Any CPU = Debug|Any CPU
		Release|Any CPU = Release|Any CPU
	EndGlobalSection
	GlobalSection(ProjectConfigurationPlatforms) = postSolution
		{0418767C-6EC4-4677-8191-DB2566F05833}.Debug|Any CPU.ActiveCfg = Debug|Any CPU
		{0418767C-6EC4-4677-8191-DB2566F05833}.Debug|Any CPU.Build.0 = Debug|Any CPU
		{0418767C-6EC4-4677-8191-DB2566F05833}.Release|Any CPU.ActiveCfg = Release|Any CPU
		{0418767C-6EC4-4677-8191-DB2566F05833}.Release|Any CPU.Build.0 = Release|Any CPU
	EndGlobalSection
	GlobalSection(SolutionProperties) = preSolution
		HideSolutionNode = FALSE
	EndGlobalSection
	GlobalSection(ExtensibilityGlobals) = postSolution
		SolutionGuid = {4C3C2D49-C467-4D53-AE38-2062AC75035E}
	EndGlobalSection
EndGlobal
